
Microsoft Visual Studio Solution File, Format Version 12.00
# Visual Studio Version 17
VisualStudioVersion = 17.6.33829.357
MinimumVisualStudioVersion = 10.0.40219.1
Project("{9A19103F-16F7-4668-BE54-9A1E7A4F7556}") = "EmployeeDAL", "EmployeeDAL\EmployeeDAL.csproj", "{021C8549-A51C-419B-9179-1F20E801434A}"
EndProject
Project("{9A19103F-16F7-4668-BE54-9A1E7A4F7556}") = "DepartmentDAL", "DepartmentDAL\DepartmentDAL.csproj", "{9321AEEA-D1C3-4495-BB1F-D8CA865917E4}"
EndProject
Project("{FAE04EC0-301F-11D3-BF4B-00C04F79EFBC}") = "DepartmentService", "DepartmentService\DepartmentService.csproj", "{5EBA3DEF-B2BC-42DA-95A4-8C8F19D7D4F7}"
EndProject
Project("{FAE04EC0-301F-11D3-BF4B-00C04F79EFBC}") = "EmployeeService", "EmployeeService\EmployeeService.csproj", "{739ED370-F48B-4C38-BF5E-2278B9CC8CD8}"
EndProject
Project("{FAE04EC0-301F-11D3-BF4B-00C04F79EFBC}") = "ApiGateway", "ApiGateway\ApiGateway.csproj", "{52F2D8C7-332F-4252-A860-C3DFA9A5DFCA}"
EndProject
Project("{FAE04EC0-301F-11D3-BF4B-00C04F79EFBC}") = "HttpClientApp", "HttpClientApp\HttpClientApp.csproj", "{C5BDAFC3-C366-488C-8BE1-48960ED5AAD9}"
EndProject
Global
	GlobalSection(SolutionConfigurationPlatforms) = preSolution
		Debug|Any CPU = Debug|Any CPU
		Release|Any CPU = Release|Any CPU
	EndGlobalSection
	GlobalSection(ProjectConfigurationPlatforms) = postSolution
		{021C8549-A51C-419B-9179-1F20E801434A}.Debug|Any CPU.ActiveCfg = Debug|Any CPU
		{021C8549-A51C-419B-9179-1F20E801434A}.Debug|Any CPU.Build.0 = Debug|Any CPU
		{021C8549-A51C-419B-9179-1F20E801434A}.Release|Any CPU.ActiveCfg = Release|Any CPU
		{021C8549-A51C-419B-9179-1F20E801434A}.Release|Any CPU.Build.0 = Release|Any CPU
		{9321AEEA-D1C3-4495-BB1F-D8CA865917E4}.Debug|Any CPU.ActiveCfg = Debug|Any CPU
		{9321AEEA-D1C3-4495-BB1F-D8CA865917E4}.Debug|Any CPU.Build.0 = Debug|Any CPU
		{9321AEEA-D1C3-4495-BB1F-D8CA865917E4}.Release|Any CPU.ActiveCfg = Release|Any CPU
		{9321AEEA-D1C3-4495-BB1F-D8CA865917E4}.Release|Any CPU.Build.0 = Release|Any CPU
		{5EBA3DEF-B2BC-42DA-95A4-8C8F19D7D4F7}.Debug|Any CPU.ActiveCfg = Debug|Any CPU
		{5EBA3DEF-B2BC-42DA-95A4-8C8F19D7D4F7}.Debug|Any CPU.Build.0 = Debug|Any CPU
		{5EBA3DEF-B2BC-42DA-95A4-8C8F19D7D4F7}.Release|Any CPU.ActiveCfg = Release|Any CPU
		{5EBA3DEF-B2BC-42DA-95A4-8C8F19D7D4F7}.Release|Any CPU.Build.0 = Release|Any CPU
		{739ED370-F48B-4C38-BF5E-2278B9CC8CD8}.Debug|Any CPU.ActiveCfg = Debug|Any CPU
		{739ED370-F48B-4C38-BF5E-2278B9CC8CD8}.Debug|Any CPU.Build.0 = Debug|Any CPU
		{739ED370-F48B-4C38-BF5E-2278B9CC8CD8}.Release|Any CPU.ActiveCfg = Release|Any CPU
		{739ED370-F48B-4C38-BF5E-2278B9CC8CD8}.Release|Any CPU.Build.0 = Release|Any CPU
		{52F2D8C7-332F-4252-A860-C3DFA9A5DFCA}.Debug|Any CPU.ActiveCfg = Debug|Any CPU
		{52F2D8C7-332F-4252-A860-C3DFA9A5DFCA}.Debug|Any CPU.Build.0 = Debug|Any CPU
		{52F2D8C7-332F-4252-A860-C3DFA9A5DFCA}.Release|Any CPU.ActiveCfg = Release|Any CPU
		{52F2D8C7-332F-4252-A860-C3DFA9A5DFCA}.Release|Any CPU.Build.0 = Release|Any CPU
		{C5BDAFC3-C366-488C-8BE1-48960ED5AAD9}.Debug|Any CPU.ActiveCfg = Debug|Any CPU
		{C5BDAFC3-C366-488C-8BE1-48960ED5AAD9}.Debug|Any CPU.Build.0 = Debug|Any CPU
		{C5BDAFC3-C366-488C-8BE1-48960ED5AAD9}.Release|Any CPU.ActiveCfg = Release|Any CPU
		{C5BDAFC3-C366-488C-8BE1-48960ED5AAD9}.Release|Any CPU.Build.0 = Release|Any CPU
	EndGlobalSection
	GlobalSection(SolutionProperties) = preSolution
		HideSolutionNode = FALSE
	EndGlobalSection
	GlobalSection(ExtensibilityGlobals) = postSolution
		SolutionGuid = {F579BAE4-5D02-47C6-80FF-8C24DC353232}
	EndGlobalSection
EndGlobal
